
Microsoft Visual Studio Solution File, Format Version 12.00
# Visual Studio Version 16
VisualStudioVersion = 16.0.30330.147
MinimumVisualStudioVersion = 10.0.40219.1
Project("{FAE04EC0-301F-11D3-BF4B-00C04F79EFBC}") = "ElGamal-keyExchange", "ElGamal-keyExchange\ElGamal-keyExchange.csproj", "{78BCB851-E68E-4802-8678-A5392AD520CE}"
EndProject
Global
	GlobalSection(SolutionConfigurationPlatforms) = preSolution
		Debug|Any CPU = Debug|Any CPU
		Release|Any CPU = Release|Any CPU
	EndGlobalSection
	GlobalSection(ProjectConfigurationPlatforms) = postSolution
		{78BCB851-E68E-4802-8678-A5392AD520CE}.Debug|Any CPU.ActiveCfg = Debug|Any CPU
		{78BCB851-E68E-4802-8678-A5392AD520CE}.Debug|Any CPU.Build.0 = Debug|Any CPU
		{78BCB851-E68E-4802-8678-A5392AD520CE}.Release|Any CPU.ActiveCfg = Release|Any CPU
		{78BCB851-E68E-4802-8678-A5392AD520CE}.Release|Any CPU.Build.0 = Release|Any CPU
	EndGlobalSection
	GlobalSection(SolutionProperties) = preSolution
		HideSolutionNode = FALSE
	EndGlobalSection
	GlobalSection(ExtensibilityGlobals) = postSolution
		SolutionGuid = {8398EB22-039C-4B58-AD7F-7ADBAF4A1C54}
	EndGlobalSection
EndGlobal
